
Microsoft Visual Studio Solution File, Format Version 12.00
# Visual Studio Version 17
VisualStudioVersion = 17.13.35507.96 d17.13
MinimumVisualStudioVersion = 10.0.40219.1
Project("{FAE04EC0-301F-11D3-BF4B-00C04F79EFBC}") = "一键输入", "一键输入\一键输入.csproj", "{7D582577-3F47-4FF2-AC66-FF4C0F4EE4E3}"
EndProject
Global
	GlobalSection(SolutionConfigurationPlatforms) = preSolution
		Debug|Any CPU = Debug|Any CPU
		Release|Any CPU = Release|Any CPU
	EndGlobalSection
	GlobalSection(ProjectConfigurationPlatforms) = postSolution
		{7D582577-3F47-4FF2-AC66-FF4C0F4EE4E3}.Debug|Any CPU.ActiveCfg = Debug|Any CPU
		{7D582577-3F47-4FF2-AC66-FF4C0F4EE4E3}.Debug|Any CPU.Build.0 = Debug|Any CPU
		{7D582577-3F47-4FF2-AC66-FF4C0F4EE4E3}.Release|Any CPU.ActiveCfg = Release|Any CPU
		{7D582577-3F47-4FF2-AC66-FF4C0F4EE4E3}.Release|Any CPU.Build.0 = Release|Any CPU
	EndGlobalSection
	GlobalSection(SolutionProperties) = preSolution
		HideSolutionNode = FALSE
	EndGlobalSection
	GlobalSection(ExtensibilityGlobals) = postSolution
		SolutionGuid = {1124DADC-4FC2-4687-87C5-708A40FF2F98}
	EndGlobalSection
EndGlobal
